
Microsoft Visual Studio Solution File, Format Version 12.00
# Visual Studio Version 17
VisualStudioVersion = 17.7.34024.191
MinimumVisualStudioVersion = 10.0.40219.1
Project("{FAE04EC0-301F-11D3-BF4B-00C04F79EFBC}") = "BookClubApp", "BookClubApp\BookClubApp.csproj", "{AD251CAB-140D-4FDB-A5BB-A8F7F60D57DA}"
EndProject
Global
	GlobalSection(SolutionConfigurationPlatforms) = preSolution
		Debug|Any CPU = Debug|Any CPU
		Release|Any CPU = Release|Any CPU
	EndGlobalSection
	GlobalSection(ProjectConfigurationPlatforms) = postSolution
		{AD251CAB-140D-4FDB-A5BB-A8F7F60D57DA}.Debug|Any CPU.ActiveCfg = Debug|Any CPU
		{AD251CAB-140D-4FDB-A5BB-A8F7F60D57DA}.Debug|Any CPU.Build.0 = Debug|Any CPU
		{AD251CAB-140D-4FDB-A5BB-A8F7F60D57DA}.Release|Any CPU.ActiveCfg = Release|Any CPU
		{AD251CAB-140D-4FDB-A5BB-A8F7F60D57DA}.Release|Any CPU.Build.0 = Release|Any CPU
	EndGlobalSection
	GlobalSection(SolutionProperties) = preSolution
		HideSolutionNode = FALSE
	EndGlobalSection
	GlobalSection(ExtensibilityGlobals) = postSolution
		SolutionGuid = {1494D2DE-DCE1-4050-8832-BE469BBA9456}
	EndGlobalSection
EndGlobal
